
Microsoft Visual Studio Solution File, Format Version 12.00
# Visual Studio Version 17
VisualStudioVersion = 17.6.33801.468
MinimumVisualStudioVersion = 10.0.40219.1
Project("{FAE04EC0-301F-11D3-BF4B-00C04F79EFBC}") = "Movie", "Movie\Movie.csproj", "{98AB6DA3-D33B-4AE9-B1B2-9AB70310208D}"
EndProject
Global
	GlobalSection(SolutionConfigurationPlatforms) = preSolution
		Debug|Any CPU = Debug|Any CPU
		Release|Any CPU = Release|Any CPU
	EndGlobalSection
	GlobalSection(ProjectConfigurationPlatforms) = postSolution
		{98AB6DA3-D33B-4AE9-B1B2-9AB70310208D}.Debug|Any CPU.ActiveCfg = Debug|Any CPU
		{98AB6DA3-D33B-4AE9-B1B2-9AB70310208D}.Debug|Any CPU.Build.0 = Debug|Any CPU
		{98AB6DA3-D33B-4AE9-B1B2-9AB70310208D}.Release|Any CPU.ActiveCfg = Release|Any CPU
		{98AB6DA3-D33B-4AE9-B1B2-9AB70310208D}.Release|Any CPU.Build.0 = Release|Any CPU
	EndGlobalSection
	GlobalSection(SolutionProperties) = preSolution
		HideSolutionNode = FALSE
	EndGlobalSection
	GlobalSection(ExtensibilityGlobals) = postSolution
		SolutionGuid = {78403ACF-0A10-4D76-BAF9-EABB4015CEB2}
	EndGlobalSection
EndGlobal
